{
  "name": "config",
  "version": "1.0.2",
  "lockfileVersion": 3,
  "requires": true,
  "packages": {
    "": {
      "name": "config",
      "version": "1.0.2",
      "license": "MIT",
      "devDependencies": {
        "@action-validator/cli": "^0.6.0",
        "@action-validator/core": "^0.6.0",
        "husky": "^9.0.11"
      }
    },
    "node_modules/@action-validator/cli": {
      "version": "0.6.0",
      "resolved": "https://registry.npmjs.org/@action-validator/cli/-/cli-0.6.0.tgz",
      "integrity": "sha512-Z8TYOK4GqUIpI0UuspUJPB6dhr0niTumhwI5iiZVqFRXm4u05bZawnFKltpvoFUfJg9mHbbIBlleqsRJAgl53Q==",
      "dev": true,
      "dependencies": {
        "chalk": "5.2.0"
      },
      "bin": {
        "action-validator": "cli.mjs"
      },
      "peerDependencies": {
        "@action-validator/core": "0.6.0"
      }
    },
    "node_modules/@action-validator/core": {
      "version": "0.6.0",
      "resolved": "https://registry.npmjs.org/@action-validator/core/-/core-0.6.0.tgz",
      "integrity": "sha512-tPglwCr8Mm8SWzwnVewwFmqRx91F0WvMsM0BRAqH4CLalyGndm53Xvp+UcUSzswpk1wkjIDYI7RyEhWMLyPkig==",
      "dev": true
    },
    "node_modules/chalk": {
      "version": "5.2.0",
      "resolved": "https://registry.npmjs.org/chalk/-/chalk-5.2.0.tgz",
      "integrity": "sha512-ree3Gqw/nazQAPuJJEy+avdl7QfZMcUvmHIKgEZkGL+xOBzRvup5Hxo6LHuMceSxOabuJLJm5Yp/92R9eMmMvA==",
      "dev": true,
      "engines": {
        "node": "^12.17.0 || ^14.13 || >=16.0.0"
      },
      "funding": {
        "url": "https://github.com/chalk/chalk?sponsor=1"
      }
    },
    "node_modules/husky": {
      "version": "9.0.11",
      "resolved": "https://registry.npmjs.org/husky/-/husky-9.0.11.tgz",
      "integrity": "sha512-AB6lFlbwwyIqMdHYhwPe+kjOC3Oc5P3nThEoW/AaO2BX3vJDjWPFxYLxokUZOo6RNX20He3AaT8sESs9NJcmEw==",
      "dev": true,
      "bin": {
        "husky": "bin.mjs"
      },
      "engines": {
        "node": ">=18"
      },
      "funding": {
        "url": "https://github.com/sponsors/typicode"
      }
    }
  }
}
